
Microsoft Visual Studio Solution File, Format Version 12.00
# Visual Studio 15
VisualStudioVersion = 15.0.28307.271
MinimumVisualStudioVersion = 10.0.40219.1
Project("{9A19103F-16F7-4668-BE54-9A1E7A4F7556}") = "FullBoar.Examples.OverInjection.AopDemo", "FullBoar.Examples.OverInjection.AopDemo\FullBoar.Examples.OverInjection.AopDemo.csproj", "{C0510E5B-0F07-4848-A2CD-BBDAB3F02A9F}"
EndProject
Project("{FAE04EC0-301F-11D3-BF4B-00C04F79EFBC}") = "FullBoar.Examples.OverInjection.Infrastructure", "FullBoar.Examples.OverInjection.Infrastructure\FullBoar.Examples.OverInjection.Infrastructure.csproj", "{FBE5DA57-1E44-44E6-80C1-ED148EBD3F73}"
EndProject
Project("{2150E333-8FDC-42A3-9474-1A3956D46DE8}") = "Demos", "Demos", "{914036E2-FE5E-484F-8909-98A141140E53}"
EndProject
Project("{2150E333-8FDC-42A3-9474-1A3956D46DE8}") = "Shared Libraries", "Shared Libraries", "{3D0E790F-81E8-42BD-BA82-92B8703BB197}"
EndProject
Project("{FAE04EC0-301F-11D3-BF4B-00C04F79EFBC}") = "FullBoar.Examples.OverInjection.Domain", "FullBoar.Examples.OverInjection.Domain\FullBoar.Examples.OverInjection.Domain.csproj", "{19F2EA83-4ADD-4E71-847D-B4159F6771D2}"
EndProject
Global
	GlobalSection(SolutionConfigurationPlatforms) = preSolution
		Debug|Any CPU = Debug|Any CPU
		Release|Any CPU = Release|Any CPU
	EndGlobalSection
	GlobalSection(ProjectConfigurationPlatforms) = postSolution
		{C0510E5B-0F07-4848-A2CD-BBDAB3F02A9F}.Debug|Any CPU.ActiveCfg = Debug|Any CPU
		{C0510E5B-0F07-4848-A2CD-BBDAB3F02A9F}.Debug|Any CPU.Build.0 = Debug|Any CPU
		{C0510E5B-0F07-4848-A2CD-BBDAB3F02A9F}.Release|Any CPU.ActiveCfg = Release|Any CPU
		{C0510E5B-0F07-4848-A2CD-BBDAB3F02A9F}.Release|Any CPU.Build.0 = Release|Any CPU
		{FBE5DA57-1E44-44E6-80C1-ED148EBD3F73}.Debug|Any CPU.ActiveCfg = Debug|Any CPU
		{FBE5DA57-1E44-44E6-80C1-ED148EBD3F73}.Debug|Any CPU.Build.0 = Debug|Any CPU
		{FBE5DA57-1E44-44E6-80C1-ED148EBD3F73}.Release|Any CPU.ActiveCfg = Release|Any CPU
		{FBE5DA57-1E44-44E6-80C1-ED148EBD3F73}.Release|Any CPU.Build.0 = Release|Any CPU
		{19F2EA83-4ADD-4E71-847D-B4159F6771D2}.Debug|Any CPU.ActiveCfg = Debug|Any CPU
		{19F2EA83-4ADD-4E71-847D-B4159F6771D2}.Debug|Any CPU.Build.0 = Debug|Any CPU
		{19F2EA83-4ADD-4E71-847D-B4159F6771D2}.Release|Any CPU.ActiveCfg = Release|Any CPU
		{19F2EA83-4ADD-4E71-847D-B4159F6771D2}.Release|Any CPU.Build.0 = Release|Any CPU
	EndGlobalSection
	GlobalSection(SolutionProperties) = preSolution
		HideSolutionNode = FALSE
	EndGlobalSection
	GlobalSection(NestedProjects) = preSolution
		{C0510E5B-0F07-4848-A2CD-BBDAB3F02A9F} = {914036E2-FE5E-484F-8909-98A141140E53}
		{FBE5DA57-1E44-44E6-80C1-ED148EBD3F73} = {3D0E790F-81E8-42BD-BA82-92B8703BB197}
		{19F2EA83-4ADD-4E71-847D-B4159F6771D2} = {3D0E790F-81E8-42BD-BA82-92B8703BB197}
	EndGlobalSection
	GlobalSection(ExtensibilityGlobals) = postSolution
		SolutionGuid = {C8146731-37C4-4DB0-A68C-143F610EC0CF}
	EndGlobalSection
EndGlobal
